sylius_grid:
    grids:
        app_backend_block:
            driver:
                name: doctrine/orm
                options:
                    class: AppBundle\Entity\Block
            fields:
                id:
                    type: string
                    label: app.ui.id
                title:
                    type: string
                    label: app.ui.title
            actions:
                main:
                    create:
                        type: create
                item:
                    update:
                        type: update
                    delete:
                        type: delete